
Microsoft Visual Studio Solution File, Format Version 12.00
# Visual Studio Express 2012 for Windows Desktop
Project("{FAE04EC0-301F-11D3-BF4B-00C04F79EFBC}") = "LMD Tic-tac-toe", "LMD Tic-tac-toe\LMD Tic-tac-toe.csproj", "{0F9F0F8C-E43C-4E7A-8CC3-B3CE00C26C9E}"
EndProject
Global
	GlobalSection(SolutionConfigurationPlatforms) = preSolution
		Debug|Any CPU = Debug|Any CPU
		Release|Any CPU = Release|Any CPU
	EndGlobalSection
	GlobalSection(ProjectConfigurationPlatforms) = postSolution
		{0F9F0F8C-E43C-4E7A-8CC3-B3CE00C26C9E}.Debug|Any CPU.ActiveCfg = Debug|Any CPU
		{0F9F0F8C-E43C-4E7A-8CC3-B3CE00C26C9E}.Debug|Any CPU.Build.0 = Debug|Any CPU
		{0F9F0F8C-E43C-4E7A-8CC3-B3CE00C26C9E}.Release|Any CPU.ActiveCfg = Release|Any CPU
		{0F9F0F8C-E43C-4E7A-8CC3-B3CE00C26C9E}.Release|Any CPU.Build.0 = Release|Any CPU
	EndGlobalSection
	GlobalSection(SolutionProperties) = preSolution
		HideSolutionNode = FALSE
	EndGlobalSection
EndGlobal
